
Microsoft Visual Studio Solution File, Format Version 12.00
# Visual Studio Version 17
VisualStudioVersion = 17.5.002.0
MinimumVisualStudioVersion = 10.0.40219.1
Project("{9A19103F-16F7-4668-BE54-9A1E7A4F7556}") = "EllionPlatform", "EllionPlatform.csproj", "{79B67F5E-22BF-479D-9942-20851C3012D9}"
EndProject
Global
	GlobalSection(SolutionConfigurationPlatforms) = preSolution
		Debug|Any CPU = Debug|Any CPU
		Release|Any CPU = Release|Any CPU
	EndGlobalSection
	GlobalSection(ProjectConfigurationPlatforms) = postSolution
		{79B67F5E-22BF-479D-9942-20851C3012D9}.Debug|Any CPU.ActiveCfg = Debug|Any CPU
		{79B67F5E-22BF-479D-9942-20851C3012D9}.Debug|Any CPU.Build.0 = Debug|Any CPU
		{79B67F5E-22BF-479D-9942-20851C3012D9}.Release|Any CPU.ActiveCfg = Release|Any CPU
		{79B67F5E-22BF-479D-9942-20851C3012D9}.Release|Any CPU.Build.0 = Release|Any CPU
	EndGlobalSection
	GlobalSection(SolutionProperties) = preSolution
		HideSolutionNode = FALSE
	EndGlobalSection
	GlobalSection(ExtensibilityGlobals) = postSolution
		SolutionGuid = {C164A4BE-575F-47E9-B85C-16A1B44B9230}
	EndGlobalSection
EndGlobal
